
Microsoft Visual Studio Solution File, Format Version 10.00
# Visual Studio 2008
Project("{FAE04EC0-301F-11D3-BF4B-00C04F79EFBC}") = "WiiMouse", "WiiMouse\WiiMouse.csproj", "{01C2BFDF-66DB-4410-B387-BAC09567B781}"
EndProject
Global
	GlobalSection(SubversionScc) = preSolution
		Svn-Managed = True
		Manager = AnkhSVN - Subversion Support for Visual Studio
	EndGlobalSection
	GlobalSection(SolutionConfigurationPlatforms) = preSolution
		Debug|Any CPU = Debug|Any CPU
		Release|Any CPU = Release|Any CPU
	EndGlobalSection
	GlobalSection(ProjectConfigurationPlatforms) = postSolution
		{01C2BFDF-66DB-4410-B387-BAC09567B781}.Debug|Any CPU.ActiveCfg = Debug|Any CPU
		{01C2BFDF-66DB-4410-B387-BAC09567B781}.Debug|Any CPU.Build.0 = Debug|Any CPU
		{01C2BFDF-66DB-4410-B387-BAC09567B781}.Release|Any CPU.ActiveCfg = Release|Any CPU
		{01C2BFDF-66DB-4410-B387-BAC09567B781}.Release|Any CPU.Build.0 = Release|Any CPU
	EndGlobalSection
	GlobalSection(SolutionProperties) = preSolution
		HideSolutionNode = FALSE
	EndGlobalSection
EndGlobal
